
Microsoft Visual Studio Solution File, Format Version 12.00
# Visual Studio 15
VisualStudioVersion = 15.0.28010.2003
MinimumVisualStudioVersion = 10.0.40219.1
Project("{8BC9CEB8-8B4A-11D0-8D11-00A0C91BC942}") = "AutoRunHelper", "AutoRunHelper\AutoRunHelper.vcxproj", "{3AF3E520-5F31-402A-81D8-39D5BBEE5ADA}"
EndProject
Project("{8BC9CEB8-8B4A-11D0-8D11-00A0C91BC942}") = "AutoRunHelperTest", "AutoRunHelperTest\AutoRunHelperTest.vcxproj", "{731D9662-A6BF-4C05-B713-F51006782B74}"
	ProjectSection(ProjectDependencies) = postProject
		{3AF3E520-5F31-402A-81D8-39D5BBEE5ADA} = {3AF3E520-5F31-402A-81D8-39D5BBEE5ADA}
	EndProjectSection
EndProject
Project("{2150E333-8FDC-42A3-9474-1A3956D46DE8}") = "Solution Items", "Solution Items", "{AADFA32C-423D-4D04-88BF-EA8304FB81E5}"
EndProject
Global
	GlobalSection(SolutionConfigurationPlatforms) = preSolution
		Debug|Win32 = Debug|Win32
		Release|Win32 = Release|Win32
	EndGlobalSection
	GlobalSection(ProjectConfigurationPlatforms) = postSolution
		{3AF3E520-5F31-402A-81D8-39D5BBEE5ADA}.Debug|Win32.ActiveCfg = Debug|Win32
		{3AF3E520-5F31-402A-81D8-39D5BBEE5ADA}.Debug|Win32.Build.0 = Debug|Win32
		{3AF3E520-5F31-402A-81D8-39D5BBEE5ADA}.Release|Win32.ActiveCfg = Release|Win32
		{3AF3E520-5F31-402A-81D8-39D5BBEE5ADA}.Release|Win32.Build.0 = Release|Win32
		{731D9662-A6BF-4C05-B713-F51006782B74}.Debug|Win32.ActiveCfg = Debug|Win32
		{731D9662-A6BF-4C05-B713-F51006782B74}.Debug|Win32.Build.0 = Debug|Win32
		{731D9662-A6BF-4C05-B713-F51006782B74}.Release|Win32.ActiveCfg = Release|Win32
		{731D9662-A6BF-4C05-B713-F51006782B74}.Release|Win32.Build.0 = Release|Win32
	EndGlobalSection
	GlobalSection(SolutionProperties) = preSolution
		HideSolutionNode = FALSE
	EndGlobalSection
	GlobalSection(ExtensibilityGlobals) = postSolution
		QtVersion = $(DefaultQtVersion)
		SolutionGuid = {B893A8B0-5CB0-42C8-83E3-8EF121293267}
	EndGlobalSection
EndGlobal
